
Microsoft Visual Studio Solution File, Format Version 12.00
# Visual Studio 15
VisualStudioVersion = 15.0.28307.438
MinimumVisualStudioVersion = 10.0.40219.1
Project("{FAE04EC0-301F-11D3-BF4B-00C04F79EFBC}") = "AdoNet.SMN-182", "AdoNet.SMN-182\AdoNet.SMN-182.csproj", "{601E5353-6789-4A52-9D47-19A7F6FD8B0B}"
EndProject
Project("{2150E333-8FDC-42A3-9474-1A3956D46DE8}") = "course-items", "course-items", "{7D03689D-8C1F-40FE-90F1-876162E89D70}"
	ProjectSection(SolutionItems) = preProject
		korean-shop-connection-string.udl = korean-shop-connection-string.udl
	EndProjectSection
EndProject
Global
	GlobalSection(SolutionConfigurationPlatforms) = preSolution
		Debug|Any CPU = Debug|Any CPU
		Release|Any CPU = Release|Any CPU
	EndGlobalSection
	GlobalSection(ProjectConfigurationPlatforms) = postSolution
		{601E5353-6789-4A52-9D47-19A7F6FD8B0B}.Debug|Any CPU.ActiveCfg = Debug|Any CPU
		{601E5353-6789-4A52-9D47-19A7F6FD8B0B}.Debug|Any CPU.Build.0 = Debug|Any CPU
		{601E5353-6789-4A52-9D47-19A7F6FD8B0B}.Release|Any CPU.ActiveCfg = Release|Any CPU
		{601E5353-6789-4A52-9D47-19A7F6FD8B0B}.Release|Any CPU.Build.0 = Release|Any CPU
	EndGlobalSection
	GlobalSection(SolutionProperties) = preSolution
		HideSolutionNode = FALSE
	EndGlobalSection
	GlobalSection(ExtensibilityGlobals) = postSolution
		SolutionGuid = {7F3B1C0F-70D6-4DD9-BBB2-34DDA429BA7F}
	EndGlobalSection
EndGlobal
